
Microsoft Visual Studio Solution File, Format Version 12.00
# Visual Studio Version 17
VisualStudioVersion = 17.3.32929.385
MinimumVisualStudioVersion = 10.0.40219.1
Project("{FAE04EC0-301F-11D3-BF4B-00C04F79EFBC}") = "GrowShapes", "GrowShapes\GrowShapes.csproj", "{0DAB9780-F3FD-4475-8BEE-1F65399D73BD}"
EndProject
Global
	GlobalSection(SolutionConfigurationPlatforms) = preSolution
		Debug|Any CPU = Debug|Any CPU
		Release|Any CPU = Release|Any CPU
	EndGlobalSection
	GlobalSection(ProjectConfigurationPlatforms) = postSolution
		{0DAB9780-F3FD-4475-8BEE-1F65399D73BD}.Debug|Any CPU.ActiveCfg = Debug|Any CPU
		{0DAB9780-F3FD-4475-8BEE-1F65399D73BD}.Debug|Any CPU.Build.0 = Debug|Any CPU
		{0DAB9780-F3FD-4475-8BEE-1F65399D73BD}.Release|Any CPU.ActiveCfg = Release|Any CPU
		{0DAB9780-F3FD-4475-8BEE-1F65399D73BD}.Release|Any CPU.Build.0 = Release|Any CPU
	EndGlobalSection
	GlobalSection(SolutionProperties) = preSolution
		HideSolutionNode = FALSE
	EndGlobalSection
	GlobalSection(ExtensibilityGlobals) = postSolution
		SolutionGuid = {719D3A45-35F7-41DA-9BF3-A4F660252E5C}
	EndGlobalSection
EndGlobal
